
Microsoft Visual Studio Solution File, Format Version 12.00
# Visual Studio Version 17
VisualStudioVersion = 17.0.32126.317
MinimumVisualStudioVersion = 10.0.40219.1
Project("{9A19103F-16F7-4668-BE54-9A1E7A4F7556}") = "AzureServerlessPDFConverter", "AzureServerlessFileConverter\AzureServerlessPDFConverter.csproj", "{A2CFC670-A0B8-4F3C-9EF4-AB0175B3E149}"
EndProject
Project("{2150E333-8FDC-42A3-9474-1A3956D46DE8}") = "Solution Items", "Solution Items", "{6F8A38B9-7491-41A4-82BD-0D98983F8423}"
	ProjectSection(SolutionItems) = preProject
		README.md = README.md
	EndProjectSection
EndProject
Global
	GlobalSection(SolutionConfigurationPlatforms) = preSolution
		Debug|Any CPU = Debug|Any CPU
		Release|Any CPU = Release|Any CPU
	EndGlobalSection
	GlobalSection(ProjectConfigurationPlatforms) = postSolution
		{A2CFC670-A0B8-4F3C-9EF4-AB0175B3E149}.Debug|Any CPU.ActiveCfg = Debug|Any CPU
		{A2CFC670-A0B8-4F3C-9EF4-AB0175B3E149}.Debug|Any CPU.Build.0 = Debug|Any CPU
		{A2CFC670-A0B8-4F3C-9EF4-AB0175B3E149}.Release|Any CPU.ActiveCfg = Release|Any CPU
		{A2CFC670-A0B8-4F3C-9EF4-AB0175B3E149}.Release|Any CPU.Build.0 = Release|Any CPU
	EndGlobalSection
	GlobalSection(SolutionProperties) = preSolution
		HideSolutionNode = FALSE
	EndGlobalSection
	GlobalSection(ExtensibilityGlobals) = postSolution
		SolutionGuid = {31F6C104-A172-4283-A710-74B572C890A9}
	EndGlobalSection
EndGlobal
